
Microsoft Visual Studio Solution File, Format Version 12.00
# Visual Studio 14
VisualStudioVersion = 14.0.24720.0
MinimumVisualStudioVersion = 10.0.40219.1
Project("{FAE04EC0-301F-11D3-BF4B-00C04F79EFBC}") = "OdeToFood.Api", "OdeToFood.Api\OdeToFood.Api.csproj", "{9C8D7411-58A2-4848-967D-FDFF1B29FA3D}"
EndProject
Project("{FAE04EC0-301F-11D3-BF4B-00C04F79EFBC}") = "OdeToFood.Api.Tests", "OdeToFood.Api.Tests\OdeToFood.Api.Tests.csproj", "{368023EE-E0F2-4408-A865-282414919991}"
EndProject
Project("{FAE04EC0-301F-11D3-BF4B-00C04F79EFBC}") = "OdeToFood.Data", "OdeToFood.Data\OdeToFood.Data.csproj", "{00BA7D7C-5B92-47DC-9092-9C7160470EEA}"
EndProject
Project("{FAE04EC0-301F-11D3-BF4B-00C04F79EFBC}") = "OdeToFood.Business", "OdeToFood.Business\OdeToFood.Business.csproj", "{59BC9E70-B615-4327-B6CE-23FC33B67C2D}"
EndProject
Global
	GlobalSection(SolutionConfigurationPlatforms) = preSolution
		Debug|Any CPU = Debug|Any CPU
		Release|Any CPU = Release|Any CPU
	EndGlobalSection
	GlobalSection(ProjectConfigurationPlatforms) = postSolution
		{9C8D7411-58A2-4848-967D-FDFF1B29FA3D}.Debug|Any CPU.ActiveCfg = Debug|Any CPU
		{9C8D7411-58A2-4848-967D-FDFF1B29FA3D}.Debug|Any CPU.Build.0 = Debug|Any CPU
		{9C8D7411-58A2-4848-967D-FDFF1B29FA3D}.Release|Any CPU.ActiveCfg = Release|Any CPU
		{9C8D7411-58A2-4848-967D-FDFF1B29FA3D}.Release|Any CPU.Build.0 = Release|Any CPU
		{368023EE-E0F2-4408-A865-282414919991}.Debug|Any CPU.ActiveCfg = Debug|Any CPU
		{368023EE-E0F2-4408-A865-282414919991}.Debug|Any CPU.Build.0 = Debug|Any CPU
		{368023EE-E0F2-4408-A865-282414919991}.Release|Any CPU.ActiveCfg = Release|Any CPU
		{368023EE-E0F2-4408-A865-282414919991}.Release|Any CPU.Build.0 = Release|Any CPU
		{00BA7D7C-5B92-47DC-9092-9C7160470EEA}.Debug|Any CPU.ActiveCfg = Debug|Any CPU
		{00BA7D7C-5B92-47DC-9092-9C7160470EEA}.Debug|Any CPU.Build.0 = Debug|Any CPU
		{00BA7D7C-5B92-47DC-9092-9C7160470EEA}.Release|Any CPU.ActiveCfg = Release|Any CPU
		{00BA7D7C-5B92-47DC-9092-9C7160470EEA}.Release|Any CPU.Build.0 = Release|Any CPU
		{59BC9E70-B615-4327-B6CE-23FC33B67C2D}.Debug|Any CPU.ActiveCfg = Debug|Any CPU
		{59BC9E70-B615-4327-B6CE-23FC33B67C2D}.Debug|Any CPU.Build.0 = Debug|Any CPU
		{59BC9E70-B615-4327-B6CE-23FC33B67C2D}.Release|Any CPU.ActiveCfg = Release|Any CPU
		{59BC9E70-B615-4327-B6CE-23FC33B67C2D}.Release|Any CPU.Build.0 = Release|Any CPU
	EndGlobalSection
	GlobalSection(SolutionProperties) = preSolution
		HideSolutionNode = FALSE
	EndGlobalSection
EndGlobal
