
Microsoft Visual Studio Solution File, Format Version 12.00
# Visual Studio 14
VisualStudioVersion = 14.0.25420.1
MinimumVisualStudioVersion = 10.0.40219.1
Project("{FAE04EC0-301F-11D3-BF4B-00C04F79EFBC}") = "Wild and Wacky Vegetables", "Wild and Wacky Vegetables\Wild and Wacky Vegetables.csproj", "{AAF1C8BF-D283-45BD-8CC3-68B142D670A5}"
EndProject
Project("{FAE04EC0-301F-11D3-BF4B-00C04F79EFBC}") = "Wild and Wacky Vegetables.Tests", "Wild and Wacky Vegetables.Tests\Wild and Wacky Vegetables.Tests.csproj", "{BB88F9B8-BA7E-41A1-A10B-CBE39AF96CA0}"
EndProject
Global
	GlobalSection(SolutionConfigurationPlatforms) = preSolution
		Debug|Any CPU = Debug|Any CPU
		Release|Any CPU = Release|Any CPU
	EndGlobalSection
	GlobalSection(ProjectConfigurationPlatforms) = postSolution
		{AAF1C8BF-D283-45BD-8CC3-68B142D670A5}.Debug|Any CPU.ActiveCfg = Debug|Any CPU
		{AAF1C8BF-D283-45BD-8CC3-68B142D670A5}.Debug|Any CPU.Build.0 = Debug|Any CPU
		{AAF1C8BF-D283-45BD-8CC3-68B142D670A5}.Release|Any CPU.ActiveCfg = Release|Any CPU
		{AAF1C8BF-D283-45BD-8CC3-68B142D670A5}.Release|Any CPU.Build.0 = Release|Any CPU
		{BB88F9B8-BA7E-41A1-A10B-CBE39AF96CA0}.Debug|Any CPU.ActiveCfg = Debug|Any CPU
		{BB88F9B8-BA7E-41A1-A10B-CBE39AF96CA0}.Debug|Any CPU.Build.0 = Debug|Any CPU
		{BB88F9B8-BA7E-41A1-A10B-CBE39AF96CA0}.Release|Any CPU.ActiveCfg = Release|Any CPU
		{BB88F9B8-BA7E-41A1-A10B-CBE39AF96CA0}.Release|Any CPU.Build.0 = Release|Any CPU
	EndGlobalSection
	GlobalSection(SolutionProperties) = preSolution
		HideSolutionNode = FALSE
	EndGlobalSection
EndGlobal
